
Microsoft Visual Studio Solution File, Format Version 12.00
# Visual Studio Version 17
VisualStudioVersion = 17.5.33414.496
MinimumVisualStudioVersion = 10.0.40219.1
Project("{FAE04EC0-301F-11D3-BF4B-00C04F79EFBC}") = "LiberaryManangementSystem", "LiberaryManangementSystem\LiberaryManangementSystem.csproj", "{DD505837-4058-43D7-B904-50638C8921A7}"
EndProject
Global
	GlobalSection(SolutionConfigurationPlatforms) = preSolution
		Debug|Any CPU = Debug|Any CPU
		Release|Any CPU = Release|Any CPU
	EndGlobalSection
	GlobalSection(ProjectConfigurationPlatforms) = postSolution
		{DD505837-4058-43D7-B904-50638C8921A7}.Debug|Any CPU.ActiveCfg = Debug|Any CPU
		{DD505837-4058-43D7-B904-50638C8921A7}.Debug|Any CPU.Build.0 = Debug|Any CPU
		{DD505837-4058-43D7-B904-50638C8921A7}.Release|Any CPU.ActiveCfg = Release|Any CPU
		{DD505837-4058-43D7-B904-50638C8921A7}.Release|Any CPU.Build.0 = Release|Any CPU
	EndGlobalSection
	GlobalSection(SolutionProperties) = preSolution
		HideSolutionNode = FALSE
	EndGlobalSection
	GlobalSection(ExtensibilityGlobals) = postSolution
		SolutionGuid = {41C37AAA-2935-4CCF-9431-CE2E6EEA62D7}
	EndGlobalSection
EndGlobal
